lockfileVersion: 5.4

specifiers:
  '@types/node': ^18.11.18
  simple-plist: ^1.3.1

dependencies:
  simple-plist: 1.3.1

devDependencies:
  '@types/node': 18.11.18

packages:

  /@types/node/18.11.18:
    resolution: {integrity: sha512-DHQpWGjyQKSHj3ebjFI/wRKcqQcdR+MoFBygntYOZytCqNfkd2ZC4ARDJ2DQqhjH5p85Nnd3jhUJIXrszFX/JA==}
    dev: true

  /base64-js/1.5.1:
    resolution: {integrity: sha512-AKpaYlHn8t4SVbOHCy+b5+KKgvR4vrsD8vbvrbiQJps7fKDTkjkDry6ji0rUJjC0kzbNePLwzxq8iypo41qeWA==}
    dev: false

  /big-integer/1.6.51:
    resolution: {integrity: sha512-GPEid2Y9QU1Exl1rpO9B2IPJGHPSupF5GnVIP0blYvNOMer2bTvSWs1jGOUg04hTmu67nmLsQ9TBo1puaotBHg==}
    engines: {node: '>=0.6'}
    dev: false

  /bplist-creator/0.1.0:
    resolution: {integrity: sha512-sXaHZicyEEmY86WyueLTQesbeoH/mquvarJaQNbjuOQO+7gbFcDEWqKmcWA4cOTLzFlfgvkiVxolk1k5bBIpmg==}
    dependencies:
      stream-buffers: 2.2.0
    dev: false

  /bplist-parser/0.3.1:
    resolution: {integrity: sha512-PyJxiNtA5T2PlLIeBot4lbp7rj4OadzjnMZD/G5zuBNt8ei/yCU7+wW0h2bag9vr8c+/WuRWmSxbqAl9hL1rBA==}
    engines: {node: '>= 5.10.0'}
    dependencies:
      big-integer: 1.6.51
    dev: false

  /plist/3.0.6:
    resolution: {integrity: sha512-WiIVYyrp8TD4w8yCvyeIr+lkmrGRd5u0VbRnU+tP/aRLxP/YadJUYOMZJ/6hIa3oUyVCsycXvtNRgd5XBJIbiA==}
    engines: {node: '>=6'}
    dependencies:
      base64-js: 1.5.1
      xmlbuilder: 15.1.1
    dev: false

  /simple-plist/1.3.1:
    resolution: {integrity: sha512-iMSw5i0XseMnrhtIzRb7XpQEXepa9xhWxGUojHBL43SIpQuDQkh3Wpy67ZbDzZVr6EKxvwVChnVpdl8hEVLDiw==}
    dependencies:
      bplist-creator: 0.1.0
      bplist-parser: 0.3.1
      plist: 3.0.6
    dev: false

  /stream-buffers/2.2.0:
    resolution: {integrity: sha512-uyQK/mx5QjHun80FLJTfaWE7JtwfRMKBLkMne6udYOmvH0CawotVa7TfgYHzAnpphn4+TweIx1QKMnRIbipmUg==}
    engines: {node: '>= 0.10.0'}
    dev: false

  /xmlbuilder/15.1.1:
    resolution: {integrity: sha512-yMqGBqtXyeN1e3TGYvgNgDVZ3j84W4cwkOXQswghol6APgZWaff9lnbvN7MHYJOiXsvGPXtjTYJEiC9J2wv9Eg==}
    engines: {node: '>=8.0'}
    dev: false
